
Microsoft Visual Studio Solution File, Format Version 12.00
# Visual Studio Version 17
VisualStudioVersion = 17.8.34322.80
MinimumVisualStudioVersion = 10.0.40219.1
Project("{9A19103F-16F7-4668-BE54-9A1E7A4F7556}") = "ForestWebApp", "ForestWebApp.csproj", "{DEC9A565-F636-4688-970F-DDE015FE4A88}"
EndProject
Project("{FAE04EC0-301F-11D3-BF4B-00C04F79EFBC}") = "ForestWebAppUnitTests", "..\..\unit_test\ForestWebAppUnitTests\ForestWebAppUnitTests.csproj", "{E47C636A-CE58-447C-9E15-95AB8A28C8D3}"
EndProject
Project("{FAE04EC0-301F-11D3-BF4B-00C04F79EFBC}") = "ForestWebAppFunctionalTests", "..\..\functional_test\ForestWebAppFunctionalTests\ForestWebAppFunctionalTests.csproj", "{B015C861-8C99-460F-ACB2-B844FAD8EC5F}"
EndProject
Global
	GlobalSection(SolutionConfigurationPlatforms) = preSolution
		Debug|Any CPU = Debug|Any CPU
		Release|Any CPU = Release|Any CPU
	EndGlobalSection
	GlobalSection(ProjectConfigurationPlatforms) = postSolution
		{DEC9A565-F636-4688-970F-DDE015FE4A88}.Debug|Any CPU.ActiveCfg = Debug|Any CPU
		{DEC9A565-F636-4688-970F-DDE015FE4A88}.Debug|Any CPU.Build.0 = Debug|Any CPU
		{DEC9A565-F636-4688-970F-DDE015FE4A88}.Release|Any CPU.ActiveCfg = Release|Any CPU
		{DEC9A565-F636-4688-970F-DDE015FE4A88}.Release|Any CPU.Build.0 = Release|Any CPU
		{E47C636A-CE58-447C-9E15-95AB8A28C8D3}.Debug|Any CPU.ActiveCfg = Debug|Any CPU
		{E47C636A-CE58-447C-9E15-95AB8A28C8D3}.Debug|Any CPU.Build.0 = Debug|Any CPU
		{E47C636A-CE58-447C-9E15-95AB8A28C8D3}.Release|Any CPU.ActiveCfg = Release|Any CPU
		{E47C636A-CE58-447C-9E15-95AB8A28C8D3}.Release|Any CPU.Build.0 = Release|Any CPU
		{B015C861-8C99-460F-ACB2-B844FAD8EC5F}.Debug|Any CPU.ActiveCfg = Debug|Any CPU
		{B015C861-8C99-460F-ACB2-B844FAD8EC5F}.Debug|Any CPU.Build.0 = Debug|Any CPU
		{B015C861-8C99-460F-ACB2-B844FAD8EC5F}.Release|Any CPU.ActiveCfg = Release|Any CPU
		{B015C861-8C99-460F-ACB2-B844FAD8EC5F}.Release|Any CPU.Build.0 = Release|Any CPU
	EndGlobalSection
	GlobalSection(SolutionProperties) = preSolution
		HideSolutionNode = FALSE
	EndGlobalSection
	GlobalSection(ExtensibilityGlobals) = postSolution
		SolutionGuid = {B3EB5AA5-2B2A-4510-B92C-A4C50875E591}
	EndGlobalSection
EndGlobal
